// !$*UTF8*$!
{
	archiveVersion = 1;
	classes = {
	};
	objectVersion = 50;
	objects = {

/* Begin PBXBuildFile section */
		CD6E7DE92260B46F00AAED9F /* AppDelegate.swift in Sources */ = {isa = PBXBuildFile; fileRef = CD6E7DE82260B46F00AAED9F /* AppDelegate.swift */; };
		CD6E7DEB2260B46F00AAED9F /* ViewController.swift in Sources */ = {isa = PBXBuildFile; fileRef = CD6E7DEA2260B46F00AAED9F /* ViewController.swift */; };
		CD6E7DEE2260B46F00AAED9F /* Main.storyboard in Resources */ = {isa = PBXBuildFile; fileRef = CD6E7DEC2260B46F00AAED9F /* Main.storyboard */; };
		CD6E7DF02260B47300AAED9F /* Assets.xcassets in Resources */ = {isa = PBXBuildFile; fileRef = CD6E7DEF2260B47300AAED9F /* Assets.xcassets */; };
		CD6E7DF32260B47300AAED9F /* LaunchScreen.storyboard in Resources */ = {isa = PBXBuildFile; fileRef = CD6E7DF12260B47300AAED9F /* LaunchScreen.storyboard */; };
		CD6E7DFB2261E42000AAED9F /* OrderViewController.swift in Sources */ = {isa = PBXBuildFile; fileRef = CD6E7DFA2261E42000AAED9F /* OrderViewController.swift */; };
		CD6E7DFD2262F7EE00AAED9F /* color.jpg in Resources */ = {isa = PBXBuildFile; fileRef = CD6E7DFC2262F7EE00AAED9F /* color.jpg */; };
/* End PBXBuildFile section */

/* Begin PBXFileReference section */
		CD6E7DE52260B46F00AAED9F /* kimnayeon.app */ = {isa = PBXFileReference; explicitFileType = wrapper.application; includeInIndex = 0; path = kimnayeon.app; sourceTree = BUILT_PRODUCTS_DIR; };
		CD6E7DE82260B46F00AAED9F /* AppDelegate.swift */ = {isa = PBXFileReference; lastKnownFileType = sourcecode.swift; path = AppDelegate.swift; sourceTree = "<group>"; };
		CD6E7DEA2260B46F00AAED9F /* ViewController.swift */ = {isa = PBXFileReference; lastKnownFileType = sourcecode.swift; path = ViewController.swift; sourceTree = "<group>"; };
		CD6E7DED2260B46F00AAED9F /* Base */ = {isa = PBXFileReference; lastKnownFileType = file.storyboard; name = Base; path = Base.lproj/Main.storyboard; sourceTree = "<group>"; };
		CD6E7DEF2260B47300AAED9F /* Assets.xcassets */ = {isa = PBXFileReference; lastKnownFileType = folder.assetcatalog; path = Assets.xcassets; sourceTree = "<group>"; };
		CD6E7DF22260B47300AAED9F /* Base */ = {isa = PBXFileReference; lastKnownFileType = file.storyboard; name = Base; path = Base.lproj/LaunchScreen.storyboard; sourceTree = "<group>"; };
		CD6E7DF42260B47300AAED9F /* Info.plist */ = {isa = PBXFileReference; lastKnownFileType = text.plist.xml; path = Info.plist; sourceTree = "<group>"; };
		CD6E7DFA2261E42000AAED9F /* OrderViewController.swift */ = {isa = PBXFileReference; lastKnownFileType = sourcecode.swift; path = OrderViewController.swift; sourceTree = "<group>"; };
		CD6E7DFC2262F7EE00AAED9F /* color.jpg */ = {isa = PBXFileReference; lastKnownFileType = image.jpeg; path = color.jpg; sourceTree = "<group>"; };
/* End PBXFileReference section */

/* Begin PBXFrameworksBuildPhase section */
		CD6E7DE22260B46F00AAED9F /* Frameworks */ = {
			isa = PBXFrameworksBuildPhase;
			buildActionMask = 2147483647;
			files = (
			);
			runOnlyForDeploymentPostprocessing = 0;
		};
/* End PBXFrameworksBuildPhase section */

/* Begin PBXGroup section */
		CD6E7DDC2260B46E00AAED9F = {
			isa = PBXGroup;
			children = (
				CD6E7DE72260B46F00AAED9F /* kimnayeon */,
				CD6E7DE62260B46F00AAED9F /* Products */,
			);
			sourceTree = "<group>";
		};
		CD6E7DE62260B46F00AAED9F /* Products */ = {
			isa = PBXGroup;
			children = (
				CD6E7DE52260B46F00AAED9F /* kimnayeon.app */,
			);
			name = Products;
			sourceTree = "<group>";
		};
		CD6E7DE72260B46F00AAED9F /* kimnayeon */ = {
			isa = PBXGroup;
			children = (
				CD6E7DFC2262F7EE00AAED9F /* color.jpg */,
				CD6E7DE82260B46F00AAED9F /* AppDelegate.swift */,
				CD6E7DEA2260B46F00AAED9F /* ViewController.swift */,
				CD6E7DEC2260B46F00AAED9F /* Main.storyboard */,
				CD6E7DEF2260B47300AAED9F /* Assets.xcassets */,
				CD6E7DF12260B47300AAED9F /* LaunchScreen.storyboard */,
				CD6E7DF42260B47300AAED9F /* Info.plist */,
				CD6E7DFA2261E42000AAED9F /* OrderViewController.swift */,
			);
			path = kimnayeon;
			sourceTree = "<group>";
		};
/* End PBXGroup section */

/* Begin PBXNativeTarget section */
		CD6E7DE42260B46F00AAED9F /* kimnayeon */ = {
			isa = PBXNativeTarget;
			buildConfigurationList = CD6E7DF72260B47300AAED9F /* Build configuration list for PBXNativeTarget "kimnayeon" */;
			buildPhases = (
				CD6E7DE12260B46F00AAED9F /* Sources */,
				CD6E7DE22260B46F00AAED9F /* Frameworks */,
				CD6E7DE32260B46F00AAED9F /* Resources */,
			);
			buildRules = (
			);
			dependencies = (
			);
			name = kimnayeon;
			productName = kimnayeon;
			productReference = CD6E7DE52260B46F00AAED9F /* kimnayeon.app */;
			productType = "com.apple.product-type.application";
		};
/* End PBXNativeTarget section */

/* Begin PBXProject section */
		CD6E7DDD2260B46E00AAED9F /* Project object */ = {
			isa = PBXProject;
			attributes = {
				LastSwiftUpdateCheck = 1010;
				LastUpgradeCheck = 1010;
				ORGANIZATIONNAME = SWUCOMPUTER;
				TargetAttributes = {
					CD6E7DE42260B46F00AAED9F = {
						CreatedOnToolsVersion = 10.1;
					};
				};
			};
			buildConfigurationList = CD6E7DE02260B46E00AAED9F /* Build configuration list for PBXProject "kimnayeon" */;
			compatibilityVersion = "Xcode 9.3";
			developmentRegion = en;
			hasScannedForEncodings = 0;
			knownRegions = (
				en,
				Base,
			);
			mainGroup = CD6E7DDC2260B46E00AAED9F;
			productRefGroup = CD6E7DE62260B46F00AAED9F /* Products */;
			projectDirPath = "";
			projectRoot = "";
			targets = (
				CD6E7DE42260B46F00AAED9F /* kimnayeon */,
			);
		};
/* End PBXProject section */

/* Begin PBXResourcesBuildPhase section */
		CD6E7DE32260B46F00AAED9F /* Resources */ = {
			isa = PBXResourcesBuildPhase;
			buildActionMask = 2147483647;
			files = (
				CD6E7DF32260B47300AAED9F /* LaunchScreen.storyboard in Resources */,
				CD6E7DF02260B47300AAED9F /* Assets.xcassets in Resources */,
				CD6E7DFD2262F7EE00AAED9F /* color.jpg in Resources */,
				CD6E7DEE2260B46F00AAED9F /* Main.storyboard in Resources */,
			);
			runOnlyForDeploymentPostprocessing = 0;
		};
/* End PBXResourcesBuildPhase section */

/* Begin PBXSourcesBuildPhase section */
		CD6E7DE12260B46F00AAED9F /* Sources */ = {
			isa = PBXSourcesBuildPhase;
			buildActionMask = 2147483647;
			files = (
				CD6E7DEB2260B46F00AAED9F /* ViewController.swift in Sources */,
				CD6E7DE92260B46F00AAED9F /* AppDelegate.swift in Sources */,
				CD6E7DFB2261E42000AAED9F /* OrderViewController.swift in Sources */,
			);
			runOnlyForDeploymentPostprocessing = 0;
		};
/* End PBXSourcesBuildPhase section */

/* Begin PBXVariantGroup section */
		CD6E7DEC2260B46F00AAED9F /* Main.storyboard */ = {
			isa = PBXVariantGroup;
			children = (
				CD6E7DED2260B46F00AAED9F /* Base */,
			);
			name = Main.storyboard;
			sourceTree = "<group>";
		};
		CD6E7DF12260B47300AAED9F /* LaunchScreen.storyboard */ = {
			isa = PBXVariantGroup;
			children = (
				CD6E7DF22260B47300AAED9F /* Base */,
			);
			name = LaunchScreen.storyboard;
			sourceTree = "<group>";
		};
/* End PBXVariantGroup section */

/* Begin XCBuildConfiguration section */
		CD6E7DF52260B47300AAED9F /* Debug */ = {
			isa = XCBuildConfiguration;
			buildSettings = {
				ALWAYS_SEARCH_USER_PATHS = NO;
				CLANG_ANALYZER_NONNULL = YES;
				CLANG_ANALYZER_NUMBER_OBJECT_CONVERSION = YES_AGGRESSIVE;
				CLANG_CXX_LANGUAGE_STANDARD = "gnu++14";
				CLANG_CXX_LIBRARY = "libc++";
				CLANG_ENABLE_MODULES = YES;
				CLANG_ENABLE_OBJC_ARC = YES;
				CLANG_ENABLE_OBJC_WEAK = YES;
				CLANG_WARN_BLOCK_CAPTURE_AUTORELEASING = YES;
				CLANG_WARN_BOOL_CONVERSION = YES;
				CLANG_WARN_COMMA = YES;
				CLANG_WARN_CONSTANT_CONVERSION = YES;
				CLANG_WARN_DEPRECATED_OBJC_IMPLEMENTATIONS = YES;
				CLANG_WARN_DIRECT_OBJC_ISA_USAGE = YES_ERROR;
				CLANG_WARN_DOCUMENTATION_COMMENTS = YES;
				CLANG_WARN_EMPTY_BODY = YES;
				CLANG_WARN_ENUM_CONVERSION = YES;
				CLANG_WARN_INFINITE_RECURSION = YES;
				CLANG_WARN_INT_CONVERSION = YES;
				CLANG_WARN_NON_LITERAL_NULL_CONVERSION = YES;
				CLANG_WARN_OBJC_IMPLICIT_RETAIN_SELF = YES;
				CLANG_WARN_OBJC_LITERAL_CONVERSION = YES;
				CLANG_WARN_OBJC_ROOT_CLASS = YES_ERROR;
				CLANG_WARN_RANGE_LOOP_ANALYSIS = YES;
				CLANG_WARN_STRICT_PROTOTYPES = YES;
				CLANG_WARN_SUSPICIOUS_MOVE = YES;
				CLANG_WARN_UNGUARDED_AVAILABILITY = YES_AGGRESSIVE;
				CLANG_WARN_UNREACHABLE_CODE = YES;
				CLANG_WARN__DUPLICATE_METHOD_MATCH = YES;
				CODE_SIGN_IDENTITY = "iPhone Developer";
				COPY_PHASE_STRIP = NO;
				DEBUG_INFORMATION_FORMAT = dwarf;
				ENABLE_STRICT_OBJC_MSGSEND = YES;
				ENABLE_TESTABILITY = YES;
				GCC_C_LANGUAGE_STANDARD = gnu11;
				GCC_DYNAMIC_NO_PIC = NO;
				GCC_NO_COMMON_BLOCKS = YES;
				GCC_OPTIMIZATION_LEVEL = 0;
				GCC_PREPROCESSOR_DEFINITIONS = (
					"DEBUG=1",
					"$(inherited)",
				);
				GCC_WARN_64_TO_32_BIT_CONVERSION = YES;
				GCC_WARN_ABOUT_RETURN_TYPE = YES_ERROR;
				GCC_WARN_UNDECLARED_SELECTOR = YES;
				GCC_WARN_UNINITIALIZED_AUTOS = YES_AGGRESSIVE;
				GCC_WARN_UNUSED_FUNCTION = YES;
				GCC_WARN_UNUSED_VARIABLE = YES;
				IPHONEOS_DEPLOYMENT_TARGET = 12.1;
				MTL_ENABLE_DEBUG_INFO = INCLUDE_SOURCE;
				MTL_FAST_MATH = YES;
				ONLY_ACTIVE_ARCH = YES;
				SDKROOT = iphoneos;
				SWIFT_ACTIVE_COMPILATION_CONDITIONS = DEBUG;
				SWIFT_OPTIMIZATION_LEVEL = "-Onone";
			};
			name = Debug;
		};
		CD6E7DF62260B47300AAED9F /* Release */ = {
			isa = XCBuildConfiguration;
			buildSettings = {
				ALWAYS_SEARCH_USER_PATHS = NO;
				CLANG_ANALYZER_NONNULL = YES;
				CLANG_ANALYZER_NUMBER_OBJECT_CONVERSION = YES_AGGRESSIVE;
				CLANG_CXX_LANGUAGE_STANDARD = "gnu++14";
				CLANG_CXX_LIBRARY = "libc++";
				CLANG_ENABLE_MODULES = YES;
				CLANG_ENABLE_OBJC_ARC = YES;
				CLANG_ENABLE_OBJC_WEAK = YES;
				CLANG_WARN_BLOCK_CAPTURE_AUTORELEASING = YES;
				CLANG_WARN_BOOL_CONVERSION = YES;
				CLANG_WARN_COMMA = YES;
				CLANG_WARN_CONSTANT_CONVERSION = YES;
				CLANG_WARN_DEPRECATED_OBJC_IMPLEMENTATIONS = YES;
				CLANG_WARN_DIRECT_OBJC_ISA_USAGE = YES_ERROR;
				CLANG_WARN_DOCUMENTATION_COMMENTS = YES;
				CLANG_WARN_EMPTY_BODY = YES;
				CLANG_WARN_ENUM_CONVERSION = YES;
				CLANG_WARN_INFINITE_RECURSION = YES;
				CLANG_WARN_INT_CONVERSION = YES;
				CLANG_WARN_NON_LITERAL_NULL_CONVERSION = YES;
				CLANG_WARN_OBJC_IMPLICIT_RETAIN_SELF = YES;
				CLANG_WARN_OBJC_LITERAL_CONVERSION = YES;
				CLANG_WARN_OBJC_ROOT_CLASS = YES_ERROR;
				CLANG_WARN_RANGE_LOOP_ANALYSIS = YES;
				CLANG_WARN_STRICT_PROTOTYPES = YES;
				CLANG_WARN_SUSPICIOUS_MOVE = YES;
				CLANG_WARN_UNGUARDED_AVAILABILITY = YES_AGGRESSIVE;
				CLANG_WARN_UNREACHABLE_CODE = YES;
				CLANG_WARN__DUPLICATE_METHOD_MATCH = YES;
				CODE_SIGN_IDENTITY = "iPhone Developer";
				COPY_PHASE_STRIP = NO;
				DEBUG_INFORMATION_FORMAT = "dwarf-with-dsym";
				ENABLE_NS_ASSERTIONS = NO;
				ENABLE_STRICT_OBJC_MSGSEND = YES;
				GCC_C_LANGUAGE_STANDARD = gnu11;
				GCC_NO_COMMON_BLOCKS = YES;
				GCC_WARN_64_TO_32_BIT_CONVERSION = YES;
				GCC_WARN_ABOUT_RETURN_TYPE = YES_ERROR;
				GCC_WARN_UNDECLARED_SELECTOR = YES;
				GCC_WARN_UNINITIALIZED_AUTOS = YES_AGGRESSIVE;
				GCC_WARN_UNUSED_FUNCTION = YES;
				GCC_WARN_UNUSED_VARIABLE = YES;
				IPHONEOS_DEPLOYMENT_TARGET = 12.1;
				MTL_ENABLE_DEBUG_INFO = NO;
				MTL_FAST_MATH = YES;
				SDKROOT = iphoneos;
				SWIFT_COMPILATION_MODE = wholemodule;
				SWIFT_OPTIMIZATION_LEVEL = "-O";
				VALIDATE_PRODUCT = YES;
			};
			name = Release;
		};
		CD6E7DF82260B47300AAED9F /* Debug */ = {
			isa = XCBuildConfiguration;
			buildSettings = {
				ASSETCATALOG_COMPILER_APPICON_NAME = AppIcon;
				CODE_SIGN_STYLE = Automatic;
				INFOPLIST_FILE = kimnayeon/Info.plist;
				LD_RUNPATH_SEARCH_PATHS = (
					"$(inherited)",
					"@executable_path/Frameworks",
				);
				PRODUCT_BUNDLE_IDENTIFIER = kr.ac.swu.kimnayeon;
				PRODUCT_NAME = "$(TARGET_NAME)";
				SWIFT_VERSION = 4.2;
				TARGETED_DEVICE_FAMILY = "1,2";
			};
			name = Debug;
		};
		CD6E7DF92260B47300AAED9F /* Release */ = {
			isa = XCBuildConfiguration;
			buildSettings = {
				ASSETCATALOG_COMPILER_APPICON_NAME = AppIcon;
				CODE_SIGN_STYLE = Automatic;
				INFOPLIST_FILE = kimnayeon/Info.plist;
				LD_RUNPATH_SEARCH_PATHS = (
					"$(inherited)",
					"@executable_path/Frameworks",
				);
				PRODUCT_BUNDLE_IDENTIFIER = kr.ac.swu.kimnayeon;
				PRODUCT_NAME = "$(TARGET_NAME)";
				SWIFT_VERSION = 4.2;
				TARGETED_DEVICE_FAMILY = "1,2";
			};
			name = Release;
		};
/* End XCBuildConfiguration section */

/* Begin XCConfigurationList section */
		CD6E7DE02260B46E00AAED9F /* Build configuration list for PBXProject "kimnayeon" */ = {
			isa = XCConfigurationList;
			buildConfigurations = (
				CD6E7DF52260B47300AAED9F /* Debug */,
				CD6E7DF62260B47300AAED9F /* Release */,
			);
			defaultConfigurationIsVisible = 0;
			defaultConfigurationName = Release;
		};
		CD6E7DF72260B47300AAED9F /* Build configuration list for PBXNativeTarget "kimnayeon" */ = {
			isa = XCConfigurationList;
			buildConfigurations = (
				CD6E7DF82260B47300AAED9F /* Debug */,
				CD6E7DF92260B47300AAED9F /* Release */,
			);
			defaultConfigurationIsVisible = 0;
			defaultConfigurationName = Release;
		};
/* End XCConfigurationList section */
	};
	rootObject = CD6E7DDD2260B46E00AAED9F /* Project object */;
}
